// !$*UTF8*$!
{
	archiveVersion = 1;
	classes = {
	};
	objectVersion = 55;
	objects = {

/* Begin PBXBuildFile section */
		1832EAE8B2E4C677C387A38B /* Pods_iTunesFinder.framework in Frameworks */ = {isa = PBXBuildFile; fileRef = 11B173F8A49470C8AC1E8917 /* Pods_iTunesFinder.framework */; };
		7688D4A1284621D900F8B2F3 /* String+Capitalized.swift in Sources */ = {isa = PBXBuildFile; fileRef = 7688D4A0284621D900F8B2F3 /* String+Capitalized.swift */; };
		7688D4A3284621EC00F8B2F3 /* UITableViewCell+ReuseIdentifire.swift in Sources */ = {isa = PBXBuildFile; fileRef = 7688D4A2284621EC00F8B2F3 /* UITableViewCell+ReuseIdentifire.swift */; };
		7688D4B62846306500F8B2F3 /* CustomImageView.swift in Sources */ = {isa = PBXBuildFile; fileRef = 7688D4B52846306500F8B2F3 /* CustomImageView.swift */; };
		76B32A02284620420045DD28 /* MainViewControllerViewModel.swift in Sources */ = {isa = PBXBuildFile; fileRef = 76B32A01284620420045DD28 /* MainViewControllerViewModel.swift */; };
		76B32A04284620500045DD28 /* SearchListViewModel.swift in Sources */ = {isa = PBXBuildFile; fileRef = 76B32A03284620500045DD28 /* SearchListViewModel.swift */; };
		76B32A07284620A60045DD28 /* MediaItemTableViewCell.swift in Sources */ = {isa = PBXBuildFile; fileRef = 76B32A06284620A60045DD28 /* MediaItemTableViewCell.swift */; };
		76B32A0C284620EA0045DD28 /* iTunesService.swift in Sources */ = {isa = PBXBuildFile; fileRef = 76B32A0B284620EA0045DD28 /* iTunesService.swift */; };
		76B32A0E284620FF0045DD28 /* NetworkClient.swift in Sources */ = {isa = PBXBuildFile; fileRef = 76B32A0D284620FF0045DD28 /* NetworkClient.swift */; };
		76B32A10284621140045DD28 /* Session.swift in Sources */ = {isa = PBXBuildFile; fileRef = 76B32A0F284621140045DD28 /* Session.swift */; };
		76B32A122846212E0045DD28 /* APIResponse.swift in Sources */ = {isa = PBXBuildFile; fileRef = 76B32A112846212E0045DD28 /* APIResponse.swift */; };
		76E2BE0428460B45006ED34F /* AppDelegate.swift in Sources */ = {isa = PBXBuildFile; fileRef = 76E2BE0328460B45006ED34F /* AppDelegate.swift */; };
		76E2BE0628460B45006ED34F /* SceneDelegate.swift in Sources */ = {isa = PBXBuildFile; fileRef = 76E2BE0528460B45006ED34F /* SceneDelegate.swift */; };
		76E2BE0828460B45006ED34F /* MainViewController.swift in Sources */ = {isa = PBXBuildFile; fileRef = 76E2BE0728460B45006ED34F /* MainViewController.swift */; };
		76E2BE0B28460B45006ED34F /* Main.storyboard in Resources */ = {isa = PBXBuildFile; fileRef = 76E2BE0928460B45006ED34F /* Main.storyboard */; };
		76E2BE0E28460B45006ED34F /* iTunesFinder.xcdatamodeld in Sources */ = {isa = PBXBuildFile; fileRef = 76E2BE0C28460B45006ED34F /* iTunesFinder.xcdatamodeld */; };
		76E2BE1028460B47006ED34F /* Assets.xcassets in Resources */ = {isa = PBXBuildFile; fileRef = 76E2BE0F28460B47006ED34F /* Assets.xcassets */; };
		76E2BE1328460B47006ED34F /* LaunchScreen.storyboard in Resources */ = {isa = PBXBuildFile; fileRef = 76E2BE1128460B47006ED34F /* LaunchScreen.storyboard */; };
/* End PBXBuildFile section */

/* Begin PBXFileReference section */
		11B173F8A49470C8AC1E8917 /* Pods_iTunesFinder.framework */ = {isa = PBXFileReference; explicitFileType = wrapper.framework; includeInIndex = 0; path = Pods_iTunesFinder.framework; sourceTree = BUILT_PRODUCTS_DIR; };
		3AE1316CC1CF9826DE3CDD8B /* Pods-iTunesFinder.debug.xcconfig */ = {isa = PBXFileReference; includeInIndex = 1; lastKnownFileType = text.xcconfig; name = "Pods-iTunesFinder.debug.xcconfig"; path = "Target Support Files/Pods-iTunesFinder/Pods-iTunesFinder.debug.xcconfig"; sourceTree = "<group>"; };
		7688D4A0284621D900F8B2F3 /* String+Capitalized.swift */ = {isa = PBXFileReference; lastKnownFileType = sourcecode.swift; path = "String+Capitalized.swift"; sourceTree = "<group>"; };
		7688D4A2284621EC00F8B2F3 /* UITableViewCell+ReuseIdentifire.swift */ = {isa = PBXFileReference; lastKnownFileType = sourcecode.swift; path = "UITableViewCell+ReuseIdentifire.swift"; sourceTree = "<group>"; };
		7688D4A82846237900F8B2F3 /* MediaItems+CoreDataProperties.swift */ = {isa = PBXFileReference; fileEncoding = 4; lastKnownFileType = sourcecode.swift; path = "MediaItems+CoreDataProperties.swift"; sourceTree = "<group>"; };
		7688D4A92846237900F8B2F3 /* MediaItems+CoreDataClass.swift */ = {isa = PBXFileReference; fileEncoding = 4; lastKnownFileType = sourcecode.swift; path = "MediaItems+CoreDataClass.swift"; sourceTree = "<group>"; };
		7688D4B52846306500F8B2F3 /* CustomImageView.swift */ = {isa = PBXFileReference; lastKnownFileType = sourcecode.swift; path = CustomImageView.swift; sourceTree = "<group>"; };
		76B32A01284620420045DD28 /* MainViewControllerViewModel.swift */ = {isa = PBXFileReference; lastKnownFileType = sourcecode.swift; path = MainViewControllerViewModel.swift; sourceTree = "<group>"; };
		76B32A03284620500045DD28 /* SearchListViewModel.swift */ = {isa = PBXFileReference; lastKnownFileType = sourcecode.swift; path = SearchListViewModel.swift; sourceTree = "<group>"; };
		76B32A06284620A60045DD28 /* MediaItemTableViewCell.swift */ = {isa = PBXFileReference; lastKnownFileType = sourcecode.swift; path = MediaItemTableViewCell.swift; sourceTree = "<group>"; };
		76B32A0B284620EA0045DD28 /* iTunesService.swift */ = {isa = PBXFileReference; lastKnownFileType = sourcecode.swift; path = iTunesService.swift; sourceTree = "<group>"; };
		76B32A0D284620FF0045DD28 /* NetworkClient.swift */ = {isa = PBXFileReference; lastKnownFileType = sourcecode.swift; path = NetworkClient.swift; sourceTree = "<group>"; };
		76B32A0F284621140045DD28 /* Session.swift */ = {isa = PBXFileReference; lastKnownFileType = sourcecode.swift; path = Session.swift; sourceTree = "<group>"; };
		76B32A112846212E0045DD28 /* APIResponse.swift */ = {isa = PBXFileReference; lastKnownFileType = sourcecode.swift; path = APIResponse.swift; sourceTree = "<group>"; };
		76E2BE0028460B45006ED34F /* iTunesFinder.app */ = {isa = PBXFileReference; explicitFileType = wrapper.application; includeInIndex = 0; path = iTunesFinder.app; sourceTree = BUILT_PRODUCTS_DIR; };
		76E2BE0328460B45006ED34F /* AppDelegate.swift */ = {isa = PBXFileReference; lastKnownFileType = sourcecode.swift; path = AppDelegate.swift; sourceTree = "<group>"; };
		76E2BE0528460B45006ED34F /* SceneDelegate.swift */ = {isa = PBXFileReference; lastKnownFileType = sourcecode.swift; path = SceneDelegate.swift; sourceTree = "<group>"; };
		76E2BE0728460B45006ED34F /* MainViewController.swift */ = {isa = PBXFileReference; lastKnownFileType = sourcecode.swift; path = MainViewController.swift; sourceTree = "<group>"; };
		76E2BE0A28460B45006ED34F /* Base */ = {isa = PBXFileReference; lastKnownFileType = file.storyboard; name = Base; path = Base.lproj/Main.storyboard; sourceTree = "<group>"; };
		76E2BE0D28460B45006ED34F /* iTunesFinder.xcdatamodel */ = {isa = PBXFileReference; lastKnownFileType = wrapper.xcdatamodel; path = iTunesFinder.xcdatamodel; sourceTree = "<group>"; };
		76E2BE0F28460B47006ED34F /* Assets.xcassets */ = {isa = PBXFileReference; lastKnownFileType = folder.assetcatalog; path = Assets.xcassets; sourceTree = "<group>"; };
		76E2BE1228460B47006ED34F /* Base */ = {isa = PBXFileReference; lastKnownFileType = file.storyboard; name = Base; path = Base.lproj/LaunchScreen.storyboard; sourceTree = "<group>"; };
		76E2BE1428460B47006ED34F /* Info.plist */ = {isa = PBXFileReference; lastKnownFileType = text.plist.xml; path = Info.plist; sourceTree = "<group>"; };
		B31B0E47EC53C89A03F4C3C1 /* Pods-iTunesFinder.release.xcconfig */ = {isa = PBXFileReference; includeInIndex = 1; lastKnownFileType = text.xcconfig; name = "Pods-iTunesFinder.release.xcconfig"; path = "Target Support Files/Pods-iTunesFinder/Pods-iTunesFinder.release.xcconfig"; sourceTree = "<group>"; };
/* End PBXFileReference section */

/* Begin PBXFrameworksBuildPhase section */
		76E2BDFD28460B45006ED34F /* Frameworks */ = {
			isa = PBXFrameworksBuildPhase;
			buildActionMask = 2147483647;
			files = (
				1832EAE8B2E4C677C387A38B /* Pods_iTunesFinder.framework in Frameworks */,
			);
			runOnlyForDeploymentPostprocessing = 0;
		};
/* End PBXFrameworksBuildPhase section */

/* Begin PBXGroup section */
		3BFFB9890A3F4783185DB7B3 /* Pods */ = {
			isa = PBXGroup;
			children = (
				3AE1316CC1CF9826DE3CDD8B /* Pods-iTunesFinder.debug.xcconfig */,
				B31B0E47EC53C89A03F4C3C1 /* Pods-iTunesFinder.release.xcconfig */,
			);
			path = Pods;
			sourceTree = "<group>";
		};
		7688D49F284621C300F8B2F3 /* Extensions */ = {
			isa = PBXGroup;
			children = (
				7688D4A0284621D900F8B2F3 /* String+Capitalized.swift */,
				7688D4A2284621EC00F8B2F3 /* UITableViewCell+ReuseIdentifire.swift */,
				7688D4B52846306500F8B2F3 /* CustomImageView.swift */,
			);
			path = Extensions;
			sourceTree = "<group>";
		};
		76B32A002846202F0045DD28 /* ViewModels */ = {
			isa = PBXGroup;
			children = (
				76B32A01284620420045DD28 /* MainViewControllerViewModel.swift */,
				76B32A03284620500045DD28 /* SearchListViewModel.swift */,
			);
			path = ViewModels;
			sourceTree = "<group>";
		};
		76B32A052846208A0045DD28 /* Cell */ = {
			isa = PBXGroup;
			children = (
				76B32A06284620A60045DD28 /* MediaItemTableViewCell.swift */,
			);
			path = Cell;
			sourceTree = "<group>";
		};
		76B32A08284620B60045DD28 /* Services */ = {
			isa = PBXGroup;
			children = (
				76B32A0B284620EA0045DD28 /* iTunesService.swift */,
				76B32A0D284620FF0045DD28 /* NetworkClient.swift */,
				76B32A0F284621140045DD28 /* Session.swift */,
			);
			path = Services;
			sourceTree = "<group>";
		};
		76B32A09284620C40045DD28 /* CoreData */ = {
			isa = PBXGroup;
			children = (
				7688D4A92846237900F8B2F3 /* MediaItems+CoreDataClass.swift */,
				7688D4A82846237900F8B2F3 /* MediaItems+CoreDataProperties.swift */,
				76E2BE0C28460B45006ED34F /* iTunesFinder.xcdatamodeld */,
			);
			path = CoreData;
			sourceTree = "<group>";
		};
		76B32A0A284620CD0045DD28 /* Models */ = {
			isa = PBXGroup;
			children = (
				76B32A112846212E0045DD28 /* APIResponse.swift */,
			);
			path = Models;
			sourceTree = "<group>";
		};
		76E2BDF728460B45006ED34F = {
			isa = PBXGroup;
			children = (
				76E2BE0228460B45006ED34F /* iTunesFinder */,
				76E2BE0128460B45006ED34F /* Products */,
				3BFFB9890A3F4783185DB7B3 /* Pods */,
				92D6760B47CB9720DF48ADE6 /* Frameworks */,
			);
			sourceTree = "<group>";
		};
		76E2BE0128460B45006ED34F /* Products */ = {
			isa = PBXGroup;
			children = (
				76E2BE0028460B45006ED34F /* iTunesFinder.app */,
			);
			name = Products;
			sourceTree = "<group>";
		};
		76E2BE0228460B45006ED34F /* iTunesFinder */ = {
			isa = PBXGroup;
			children = (
				76E2BE0328460B45006ED34F /* AppDelegate.swift */,
				76E2BE0528460B45006ED34F /* SceneDelegate.swift */,
				76E2BE0728460B45006ED34F /* MainViewController.swift */,
				76B32A002846202F0045DD28 /* ViewModels */,
				76B32A052846208A0045DD28 /* Cell */,
				76B32A08284620B60045DD28 /* Services */,
				76B32A0A284620CD0045DD28 /* Models */,
				76B32A09284620C40045DD28 /* CoreData */,
				7688D49F284621C300F8B2F3 /* Extensions */,
				76E2BE0928460B45006ED34F /* Main.storyboard */,
				76E2BE0F28460B47006ED34F /* Assets.xcassets */,
				76E2BE1128460B47006ED34F /* LaunchScreen.storyboard */,
				76E2BE1428460B47006ED34F /* Info.plist */,
			);
			path = iTunesFinder;
			sourceTree = "<group>";
		};
		92D6760B47CB9720DF48ADE6 /* Frameworks */ = {
			isa = PBXGroup;
			children = (
				11B173F8A49470C8AC1E8917 /* Pods_iTunesFinder.framework */,
			);
			name = Frameworks;
			sourceTree = "<group>";
		};
/* End PBXGroup section */

/* Begin PBXNativeTarget section */
		76E2BDFF28460B45006ED34F /* iTunesFinder */ = {
			isa = PBXNativeTarget;
			buildConfigurationList = 76E2BE1728460B47006ED34F /* Build configuration list for PBXNativeTarget "iTunesFinder" */;
			buildPhases = (
				64F12BB25AE77CA0D8030677 /* [CP] Check Pods Manifest.lock */,
				76E2BDFC28460B45006ED34F /* Sources */,
				76E2BDFD28460B45006ED34F /* Frameworks */,
				76E2BDFE28460B45006ED34F /* Resources */,
				41F72FF0652D8D53A32E31A5 /* [CP] Embed Pods Frameworks */,
			);
			buildRules = (
			);
			dependencies = (
			);
			name = iTunesFinder;
			productName = iTunesFinder;
			productReference = 76E2BE0028460B45006ED34F /* iTunesFinder.app */;
			productType = "com.apple.product-type.application";
		};
/* End PBXNativeTarget section */

/* Begin PBXProject section */
		76E2BDF828460B45006ED34F /* Project object */ = {
			isa = PBXProject;
			attributes = {
				BuildIndependentTargetsInParallel = 1;
				LastSwiftUpdateCheck = 1320;
				LastUpgradeCheck = 1320;
				TargetAttributes = {
					76E2BDFF28460B45006ED34F = {
						CreatedOnToolsVersion = 13.2.1;
					};
				};
			};
			buildConfigurationList = 76E2BDFB28460B45006ED34F /* Build configuration list for PBXProject "iTunesFinder" */;
			compatibilityVersion = "Xcode 13.0";
			developmentRegion = en;
			hasScannedForEncodings = 0;
			knownRegions = (
				en,
				Base,
			);
			mainGroup = 76E2BDF728460B45006ED34F;
			productRefGroup = 76E2BE0128460B45006ED34F /* Products */;
			projectDirPath = "";
			projectRoot = "";
			targets = (
				76E2BDFF28460B45006ED34F /* iTunesFinder */,
			);
		};
/* End PBXProject section */

/* Begin PBXResourcesBuildPhase section */
		76E2BDFE28460B45006ED34F /* Resources */ = {
			isa = PBXResourcesBuildPhase;
			buildActionMask = 2147483647;
			files = (
				76E2BE1328460B47006ED34F /* LaunchScreen.storyboard in Resources */,
				76E2BE1028460B47006ED34F /* Assets.xcassets in Resources */,
				76E2BE0B28460B45006ED34F /* Main.storyboard in Resources */,
			);
			runOnlyForDeploymentPostprocessing = 0;
		};
/* End PBXResourcesBuildPhase section */

/* Begin PBXShellScriptBuildPhase section */
		41F72FF0652D8D53A32E31A5 /* [CP] Embed Pods Frameworks */ = {
			isa = PBXShellScriptBuildPhase;
			buildActionMask = 2147483647;
			files = (
			);
			inputFileListPaths = (
				"${PODS_ROOT}/Target Support Files/Pods-iTunesFinder/Pods-iTunesFinder-frameworks-${CONFIGURATION}-input-files.xcfilelist",
			);
			name = "[CP] Embed Pods Frameworks";
			outputFileListPaths = (
				"${PODS_ROOT}/Target Support Files/Pods-iTunesFinder/Pods-iTunesFinder-frameworks-${CONFIGURATION}-output-files.xcfilelist",
			);
			runOnlyForDeploymentPostprocessing = 0;
			shellPath = /bin/sh;
			shellScript = "\"${PODS_ROOT}/Target Support Files/Pods-iTunesFinder/Pods-iTunesFinder-frameworks.sh\"\n";
			showEnvVarsInLog = 0;
		};
		64F12BB25AE77CA0D8030677 /* [CP] Check Pods Manifest.lock */ = {
			isa = PBXShellScriptBuildPhase;
			buildActionMask = 2147483647;
			files = (
			);
			inputFileListPaths = (
			);
			inputPaths = (
				"${PODS_PODFILE_DIR_PATH}/Podfile.lock",
				"${PODS_ROOT}/Manifest.lock",
			);
			name = "[CP] Check Pods Manifest.lock";
			outputFileListPaths = (
			);
			outputPaths = (
				"$(DERIVED_FILE_DIR)/Pods-iTunesFinder-checkManifestLockResult.txt",
			);
			runOnlyForDeploymentPostprocessing = 0;
			shellPath = /bin/sh;
			shellScript = "diff \"${PODS_PODFILE_DIR_PATH}/Podfile.lock\" \"${PODS_ROOT}/Manifest.lock\" > /dev/null\nif [ $? != 0 ] ; then\n    # print error to STDERR\n    echo \"error: The sandbox is not in sync with the Podfile.lock. Run 'pod install' or update your CocoaPods installation.\" >&2\n    exit 1\nfi\n# This output is used by Xcode 'outputs' to avoid re-running this script phase.\necho \"SUCCESS\" > \"${SCRIPT_OUTPUT_FILE_0}\"\n";
			showEnvVarsInLog = 0;
		};
/* End PBXShellScriptBuildPhase section */

/* Begin PBXSourcesBuildPhase section */
		76E2BDFC28460B45006ED34F /* Sources */ = {
			isa = PBXSourcesBuildPhase;
			buildActionMask = 2147483647;
			files = (
				76B32A10284621140045DD28 /* Session.swift in Sources */,
				76B32A07284620A60045DD28 /* MediaItemTableViewCell.swift in Sources */,
				7688D4B62846306500F8B2F3 /* CustomImageView.swift in Sources */,
				76E2BE0828460B45006ED34F /* MainViewController.swift in Sources */,
				76B32A02284620420045DD28 /* MainViewControllerViewModel.swift in Sources */,
				7688D4A3284621EC00F8B2F3 /* UITableViewCell+ReuseIdentifire.swift in Sources */,
				76B32A04284620500045DD28 /* SearchListViewModel.swift in Sources */,
				76B32A122846212E0045DD28 /* APIResponse.swift in Sources */,
				76E2BE0E28460B45006ED34F /* iTunesFinder.xcdatamodeld in Sources */,
				76B32A0E284620FF0045DD28 /* NetworkClient.swift in Sources */,
				7688D4A1284621D900F8B2F3 /* String+Capitalized.swift in Sources */,
				76E2BE0428460B45006ED34F /* AppDelegate.swift in Sources */,
				76E2BE0628460B45006ED34F /* SceneDelegate.swift in Sources */,
				76B32A0C284620EA0045DD28 /* iTunesService.swift in Sources */,
			);
			runOnlyForDeploymentPostprocessing = 0;
		};
/* End PBXSourcesBuildPhase section */

/* Begin PBXVariantGroup section */
		76E2BE0928460B45006ED34F /* Main.storyboard */ = {
			isa = PBXVariantGroup;
			children = (
				76E2BE0A28460B45006ED34F /* Base */,
			);
			name = Main.storyboard;
			sourceTree = "<group>";
		};
		76E2BE1128460B47006ED34F /* LaunchScreen.storyboard */ = {
			isa = PBXVariantGroup;
			children = (
				76E2BE1228460B47006ED34F /* Base */,
			);
			name = LaunchScreen.storyboard;
			sourceTree = "<group>";
		};
/* End PBXVariantGroup section */

/* Begin XCBuildConfiguration section */
		76E2BE1528460B47006ED34F /* Debug */ = {
			isa = XCBuildConfiguration;
			buildSettings = {
				ALWAYS_SEARCH_USER_PATHS = NO;
				CLANG_ANALYZER_NONNULL = YES;
				CLANG_ANALYZER_NUMBER_OBJECT_CONVERSION = YES_AGGRESSIVE;
				CLANG_CXX_LANGUAGE_STANDARD = "gnu++17";
				CLANG_CXX_LIBRARY = "libc++";
				CLANG_ENABLE_MODULES = YES;
				CLANG_ENABLE_OBJC_ARC = YES;
				CLANG_ENABLE_OBJC_WEAK = YES;
				CLANG_WARN_BLOCK_CAPTURE_AUTORELEASING = YES;
				CLANG_WARN_BOOL_CONVERSION = YES;
				CLANG_WARN_COMMA = YES;
				CLANG_WARN_CONSTANT_CONVERSION = YES;
				CLANG_WARN_DEPRECATED_OBJC_IMPLEMENTATIONS = YES;
				CLANG_WARN_DIRECT_OBJC_ISA_USAGE = YES_ERROR;
				CLANG_WARN_DOCUMENTATION_COMMENTS = YES;
				CLANG_WARN_EMPTY_BODY = YES;
				CLANG_WARN_ENUM_CONVERSION = YES;
				CLANG_WARN_INFINITE_RECURSION = YES;
				CLANG_WARN_INT_CONVERSION = YES;
				CLANG_WARN_NON_LITERAL_NULL_CONVERSION = YES;
				CLANG_WARN_OBJC_IMPLICIT_RETAIN_SELF = YES;
				CLANG_WARN_OBJC_LITERAL_CONVERSION = YES;
				CLANG_WARN_OBJC_ROOT_CLASS = YES_ERROR;
				CLANG_WARN_QUOTED_INCLUDE_IN_FRAMEWORK_HEADER = YES;
				CLANG_WARN_RANGE_LOOP_ANALYSIS = YES;
				CLANG_WARN_STRICT_PROTOTYPES = YES;
				CLANG_WARN_SUSPICIOUS_MOVE = YES;
				CLANG_WARN_UNGUARDED_AVAILABILITY = YES_AGGRESSIVE;
				CLANG_WARN_UNREACHABLE_CODE = YES;
				CLANG_WARN__DUPLICATE_METHOD_MATCH = YES;
				COPY_PHASE_STRIP = NO;
				DEBUG_INFORMATION_FORMAT = dwarf;
				ENABLE_STRICT_OBJC_MSGSEND = YES;
				ENABLE_TESTABILITY = YES;
				GCC_C_LANGUAGE_STANDARD = gnu11;
				GCC_DYNAMIC_NO_PIC = NO;
				GCC_NO_COMMON_BLOCKS = YES;
				GCC_OPTIMIZATION_LEVEL = 0;
				GCC_PREPROCESSOR_DEFINITIONS = (
					"DEBUG=1",
					"$(inherited)",
				);
				GCC_WARN_64_TO_32_BIT_CONVERSION = YES;
				GCC_WARN_ABOUT_RETURN_TYPE = YES_ERROR;
				GCC_WARN_UNDECLARED_SELECTOR = YES;
				GCC_WARN_UNINITIALIZED_AUTOS = YES_AGGRESSIVE;
				GCC_WARN_UNUSED_FUNCTION = YES;
				GCC_WARN_UNUSED_VARIABLE = YES;
				IPHONEOS_DEPLOYMENT_TARGET = 15.2;
				MTL_ENABLE_DEBUG_INFO = INCLUDE_SOURCE;
				MTL_FAST_MATH = YES;
				ONLY_ACTIVE_ARCH = YES;
				SDKROOT = iphoneos;
				SWIFT_ACTIVE_COMPILATION_CONDITIONS = DEBUG;
				SWIFT_OPTIMIZATION_LEVEL = "-Onone";
			};
			name = Debug;
		};
		76E2BE1628460B47006ED34F /* Release */ = {
			isa = XCBuildConfiguration;
			buildSettings = {
				ALWAYS_SEARCH_USER_PATHS = NO;
				CLANG_ANALYZER_NONNULL = YES;
				CLANG_ANALYZER_NUMBER_OBJECT_CONVERSION = YES_AGGRESSIVE;
				CLANG_CXX_LANGUAGE_STANDARD = "gnu++17";
				CLANG_CXX_LIBRARY = "libc++";
				CLANG_ENABLE_MODULES = YES;
				CLANG_ENABLE_OBJC_ARC = YES;
				CLANG_ENABLE_OBJC_WEAK = YES;
				CLANG_WARN_BLOCK_CAPTURE_AUTORELEASING = YES;
				CLANG_WARN_BOOL_CONVERSION = YES;
				CLANG_WARN_COMMA = YES;
				CLANG_WARN_CONSTANT_CONVERSION = YES;
				CLANG_WARN_DEPRECATED_OBJC_IMPLEMENTATIONS = YES;
				CLANG_WARN_DIRECT_OBJC_ISA_USAGE = YES_ERROR;
				CLANG_WARN_DOCUMENTATION_COMMENTS = YES;
				CLANG_WARN_EMPTY_BODY = YES;
				CLANG_WARN_ENUM_CONVERSION = YES;
				CLANG_WARN_INFINITE_RECURSION = YES;
				CLANG_WARN_INT_CONVERSION = YES;
				CLANG_WARN_NON_LITERAL_NULL_CONVERSION = YES;
				CLANG_WARN_OBJC_IMPLICIT_RETAIN_SELF = YES;
				CLANG_WARN_OBJC_LITERAL_CONVERSION = YES;
				CLANG_WARN_OBJC_ROOT_CLASS = YES_ERROR;
				CLANG_WARN_QUOTED_INCLUDE_IN_FRAMEWORK_HEADER = YES;
				CLANG_WARN_RANGE_LOOP_ANALYSIS = YES;
				CLANG_WARN_STRICT_PROTOTYPES = YES;
				CLANG_WARN_SUSPICIOUS_MOVE = YES;
				CLANG_WARN_UNGUARDED_AVAILABILITY = YES_AGGRESSIVE;
				CLANG_WARN_UNREACHABLE_CODE = YES;
				CLANG_WARN__DUPLICATE_METHOD_MATCH = YES;
				COPY_PHASE_STRIP = NO;
				DEBUG_INFORMATION_FORMAT = "dwarf-with-dsym";
				ENABLE_NS_ASSERTIONS = NO;
				ENABLE_STRICT_OBJC_MSGSEND = YES;
				GCC_C_LANGUAGE_STANDARD = gnu11;
				GCC_NO_COMMON_BLOCKS = YES;
				GCC_WARN_64_TO_32_BIT_CONVERSION = YES;
				GCC_WARN_ABOUT_RETURN_TYPE = YES_ERROR;
				GCC_WARN_UNDECLARED_SELECTOR = YES;
				GCC_WARN_UNINITIALIZED_AUTOS = YES_AGGRESSIVE;
				GCC_WARN_UNUSED_FUNCTION = YES;
				GCC_WARN_UNUSED_VARIABLE = YES;
				IPHONEOS_DEPLOYMENT_TARGET = 15.2;
				MTL_ENABLE_DEBUG_INFO = NO;
				MTL_FAST_MATH = YES;
				SDKROOT = iphoneos;
				SWIFT_COMPILATION_MODE = wholemodule;
				SWIFT_OPTIMIZATION_LEVEL = "-O";
				VALIDATE_PRODUCT = YES;
			};
			name = Release;
		};
		76E2BE1828460B47006ED34F /* Debug */ = {
			isa = XCBuildConfiguration;
			baseConfigurationReference = 3AE1316CC1CF9826DE3CDD8B /* Pods-iTunesFinder.debug.xcconfig */;
			buildSettings = {
				ASSETCATALOG_COMPILER_APPICON_NAME = AppIcon;
				ASSETCATALOG_COMPILER_GLOBAL_ACCENT_COLOR_NAME = AccentColor;
				CODE_SIGN_STYLE = Automatic;
				CURRENT_PROJECT_VERSION = 1;
				DEVELOPMENT_TEAM = UF7M8BR5BT;
				GENERATE_INFOPLIST_FILE = YES;
				INFOPLIST_FILE = iTunesFinder/Info.plist;
				INFOPLIST_KEY_UIApplicationSupportsIndirectInputEvents = YES;
				INFOPLIST_KEY_UILaunchStoryboardName = LaunchScreen;
				INFOPLIST_KEY_UIMainStoryboardFile = Main;
				INFOPLIST_KEY_UISupportedInterfaceOrientations_iPad = "UIInterfaceOrientationPortrait UIInterfaceOrientationPortraitUpsideDown UIInterfaceOrientationLandscapeLeft UIInterfaceOrientationLandscapeRight";
				INFOPLIST_KEY_UISupportedInterfaceOrientations_iPhone = "UIInterfaceOrientationPortrait UIInterfaceOrientationLandscapeLeft UIInterfaceOrientationLandscapeRight";
				LD_RUNPATH_SEARCH_PATHS = (
					"$(inherited)",
					"@executable_path/Frameworks",
				);
				MARKETING_VERSION = 1.0;
				PRODUCT_BUNDLE_IDENTIFIER = com.alloist.iTunesFinder;
				PRODUCT_NAME = "$(TARGET_NAME)";
				SWIFT_EMIT_LOC_STRINGS = YES;
				SWIFT_VERSION = 5.0;
				TARGETED_DEVICE_FAMILY = "1,2";
			};
			name = Debug;
		};
		76E2BE1928460B47006ED34F /* Release */ = {
			isa = XCBuildConfiguration;
			baseConfigurationReference = B31B0E47EC53C89A03F4C3C1 /* Pods-iTunesFinder.release.xcconfig */;
			buildSettings = {
				ASSETCATALOG_COMPILER_APPICON_NAME = AppIcon;
				ASSETCATALOG_COMPILER_GLOBAL_ACCENT_COLOR_NAME = AccentColor;
				CODE_SIGN_STYLE = Automatic;
				CURRENT_PROJECT_VERSION = 1;
				DEVELOPMENT_TEAM = UF7M8BR5BT;
				GENERATE_INFOPLIST_FILE = YES;
				INFOPLIST_FILE = iTunesFinder/Info.plist;
				INFOPLIST_KEY_UIApplicationSupportsIndirectInputEvents = YES;
				INFOPLIST_KEY_UILaunchStoryboardName = LaunchScreen;
				INFOPLIST_KEY_UIMainStoryboardFile = Main;
				INFOPLIST_KEY_UISupportedInterfaceOrientations_iPad = "UIInterfaceOrientationPortrait UIInterfaceOrientationPortraitUpsideDown UIInterfaceOrientationLandscapeLeft UIInterfaceOrientationLandscapeRight";
				INFOPLIST_KEY_UISupportedInterfaceOrientations_iPhone = "UIInterfaceOrientationPortrait UIInterfaceOrientationLandscapeLeft UIInterfaceOrientationLandscapeRight";
				LD_RUNPATH_SEARCH_PATHS = (
					"$(inherited)",
					"@executable_path/Frameworks",
				);
				MARKETING_VERSION = 1.0;
				PRODUCT_BUNDLE_IDENTIFIER = com.alloist.iTunesFinder;
				PRODUCT_NAME = "$(TARGET_NAME)";
				SWIFT_EMIT_LOC_STRINGS = YES;
				SWIFT_VERSION = 5.0;
				TARGETED_DEVICE_FAMILY = "1,2";
			};
			name = Release;
		};
/* End XCBuildConfiguration section */

/* Begin XCConfigurationList section */
		76E2BDFB28460B45006ED34F /* Build configuration list for PBXProject "iTunesFinder" */ = {
			isa = XCConfigurationList;
			buildConfigurations = (
				76E2BE1528460B47006ED34F /* Debug */,
				76E2BE1628460B47006ED34F /* Release */,
			);
			defaultConfigurationIsVisible = 0;
			defaultConfigurationName = Release;
		};
		76E2BE1728460B47006ED34F /* Build configuration list for PBXNativeTarget "iTunesFinder" */ = {
			isa = XCConfigurationList;
			buildConfigurations = (
				76E2BE1828460B47006ED34F /* Debug */,
				76E2BE1928460B47006ED34F /* Release */,
			);
			defaultConfigurationIsVisible = 0;
			defaultConfigurationName = Release;
		};
/* End XCConfigurationList section */

/* Begin XCVersionGroup section */
		76E2BE0C28460B45006ED34F /* iTunesFinder.xcdatamodeld */ = {
			isa = XCVersionGroup;
			children = (
				76E2BE0D28460B45006ED34F /* iTunesFinder.xcdatamodel */,
			);
			currentVersion = 76E2BE0D28460B45006ED34F /* iTunesFinder.xcdatamodel */;
			path = iTunesFinder.xcdatamodeld;
			sourceTree = "<group>";
			versionGroupType = wrapper.xcdatamodel;
		};
/* End XCVersionGroup section */
	};
	rootObject = 76E2BDF828460B45006ED34F /* Project object */;
}
